
Microsoft Visual Studio Solution File, Format Version 12.00
# Visual Studio 2013
VisualStudioVersion = 12.0.21005.1
MinimumVisualStudioVersion = 10.0.40219.1
Project("{FAE04EC0-301F-11D3-BF4B-00C04F79EFBC}") = "Ch09Ex02", "Ch09Ex02\Ch09Ex02.csproj", "{1FB1E364-AA7C-4D9F-B56E-8F59DC287DFF}"
EndProject
Global
	GlobalSection(SolutionConfigurationPlatforms) = preSolution
		Debug|Any CPU = Debug|Any CPU
		Release|Any CPU = Release|Any CPU
	EndGlobalSection
	GlobalSection(ProjectConfigurationPlatforms) = postSolution
		{1FB1E364-AA7C-4D9F-B56E-8F59DC287DFF}.Debug|Any CPU.ActiveCfg = Debug|Any CPU
		{1FB1E364-AA7C-4D9F-B56E-8F59DC287DFF}.Debug|Any CPU.Build.0 = Debug|Any CPU
		{1FB1E364-AA7C-4D9F-B56E-8F59DC287DFF}.Release|Any CPU.ActiveCfg = Release|Any CPU
		{1FB1E364-AA7C-4D9F-B56E-8F59DC287DFF}.Release|Any CPU.Build.0 = Release|Any CPU
	EndGlobalSection
	GlobalSection(SolutionProperties) = preSolution
		HideSolutionNode = FALSE
	EndGlobalSection
EndGlobal
